{
  "name": "仿京东个人中心页面",
  "version": "1.0.0",
  "lockfileVersion": 1,
  "requires": true,
  "dependencies": {
    "@dcloudio/uni-app": {
      "version": "2.0.2-3081220230817001",
      "resolved": "https://registry.npmmirror.com/@dcloudio/uni-app/-/uni-app-2.0.2-3081220230817001.tgz",
      "integrity": "sha512-wLrHkVkzEFa8XSi1+HBnqzu18geVO4ABJjBou0P1AOW4aEm34qSVr0W2RUAFdATZGXJZOQGd6CMtjmzrXjbxLw=="
    }
  }
}
