{
  "name": "仿京东个人中心页面",
  "version": "1.0.0",
  "lockfileVersion": 3,
  "requires": true,
  "packages": {
    "": {
      "name": "仿京东个人中心页面",
      "version": "1.0.0",
      "dependencies": {
        "@dcloudio/uni-app": "^2.0.2-3081220230817001",
        "lodash-es": "^4.17.21",
        "moment": "^2.29.4"
      }
    },
    "node_modules/@dcloudio/uni-app": {
      "version": "2.0.2-3081220230817001",
      "resolved": "https://registry.npmmirror.com/@dcloudio/uni-app/-/uni-app-2.0.2-3081220230817001.tgz",
      "integrity": "sha512-wLrHkVkzEFa8XSi1+HBnqzu18geVO4ABJjBou0P1AOW4aEm34qSVr0W2RUAFdATZGXJZOQGd6CMtjmzrXjbxLw==",
      "peerDependencies": {
        "@dcloudio/types": "^3.0.15",
        "@vue/composition-api": "^1.7.0"
      }
    },
    "node_modules/lodash-es": {
      "version": "4.17.21",
      "resolved": "https://registry.npmmirror.com/lodash-es/-/lodash-es-4.17.21.tgz",
      "integrity": "sha512-mKnC+QJ9pWVzv+C4/U3rRsHapFfHvQFoFB92e52xeyGMcX6/OlIl78je1u8vePzYZSkkogMPJ2yjxxsb89cxyw=="
    },
    "node_modules/moment": {
      "version": "2.29.4",
      "resolved": "https://registry.npmmirror.com/moment/-/moment-2.29.4.tgz",
      "integrity": "sha512-5LC9SOxjSc2HF6vO2CyuTDNivEdoz2IvyJJGj6X8DJ0eFyfszE0QiEd+iXmBvUP3WHxSjFH/vIsA0EN00cgr8w==",
      "engines": {
        "node": "*"
      }
    }
  }
}
